
Microsoft Visual Studio Solution File, Format Version 12.00
# Visual Studio 15
VisualStudioVersion = 15.0.28010.2048
MinimumVisualStudioVersion = 10.0.40219.1
Project("{FAE04EC0-301F-11D3-BF4B-00C04F79EFBC}") = "GwbWebApi", "GwbWebApi\GwbWebApi.csproj", "{DE305947-4B92-4210-A77A-7467F4E1CEA7}"
EndProject
Global
	GlobalSection(SolutionConfigurationPlatforms) = preSolution
		Debug|Any CPU = Debug|Any CPU
		Release|Any CPU = Release|Any CPU
	EndGlobalSection
	GlobalSection(ProjectConfigurationPlatforms) = postSolution
		{DE305947-4B92-4210-A77A-7467F4E1CEA7}.Debug|Any CPU.ActiveCfg = Debug|Any CPU
		{DE305947-4B92-4210-A77A-7467F4E1CEA7}.Debug|Any CPU.Build.0 = Debug|Any CPU
		{DE305947-4B92-4210-A77A-7467F4E1CEA7}.Release|Any CPU.ActiveCfg = Release|Any CPU
		{DE305947-4B92-4210-A77A-7467F4E1CEA7}.Release|Any CPU.Build.0 = Release|Any CPU
	EndGlobalSection
	GlobalSection(SolutionProperties) = preSolution
		HideSolutionNode = FALSE
	EndGlobalSection
	GlobalSection(ExtensibilityGlobals) = postSolution
		SolutionGuid = {46AC5FA5-A820-47FD-AEDD-F24ACE4E0498}
	EndGlobalSection
EndGlobal
